// !$*UTF8*$!
{
	archiveVersion = 1;
	classes = {
	};
	objectVersion = 46;
	objects = {

/* Begin PBXBuildFile section */
		3E83B8091AD678AC00A9CA89 /* App360IDSDK.framework in Frameworks */ = {isa = PBXBuildFile; fileRef = 3E83B8071AD678AC00A9CA89 /* App360IDSDK.framework */; };
		3E83B80C1AD678B300A9CA89 /* App360IDSDK.framework in Embed Frameworks */ = {isa = PBXBuildFile; fileRef = 3E83B8071AD678AC00A9CA89 /* App360IDSDK.framework */; settings = {ATTRIBUTES = (CodeSignOnCopy, RemoveHeadersOnCopy, ); }; };
		3E83B80D1AD678B300A9CA89 /* MWNetworking.framework in Frameworks */ = {isa = PBXBuildFile; fileRef = 3E83B8081AD678AC00A9CA89 /* MWNetworking.framework */; };
		3E83B80E1AD678B300A9CA89 /* MWNetworking.framework in Embed Frameworks */ = {isa = PBXBuildFile; fileRef = 3E83B8081AD678AC00A9CA89 /* MWNetworking.framework */; settings = {ATTRIBUTES = (CodeSignOnCopy, RemoveHeadersOnCopy, ); }; };
		3ED391DD1AD50A9D00AD3B7F /* main.m in Sources */ = {isa = PBXBuildFile; fileRef = 3ED391DC1AD50A9D00AD3B7F /* main.m */; };
		3ED391E01AD50A9D00AD3B7F /* AppDelegate.m in Sources */ = {isa = PBXBuildFile; fileRef = 3ED391DF1AD50A9D00AD3B7F /* AppDelegate.m */; };
		3ED391E31AD50A9D00AD3B7F /* ViewController.m in Sources */ = {isa = PBXBuildFile; fileRef = 3ED391E21AD50A9D00AD3B7F /* ViewController.m */; };
		3ED391E61AD50A9D00AD3B7F /* Main.storyboard in Resources */ = {isa = PBXBuildFile; fileRef = 3ED391E41AD50A9D00AD3B7F /* Main.storyboard */; };
		3ED391E81AD50A9D00AD3B7F /* Images.xcassets in Resources */ = {isa = PBXBuildFile; fileRef = 3ED391E71AD50A9D00AD3B7F /* Images.xcassets */; };
		3ED391EB1AD50A9D00AD3B7F /* LaunchScreen.xib in Resources */ = {isa = PBXBuildFile; fileRef = 3ED391E91AD50A9D00AD3B7F /* LaunchScreen.xib */; };
		3ED392111AD5280100AD3B7F /* app360.plist in Resources */ = {isa = PBXBuildFile; fileRef = 3ED392101AD5280100AD3B7F /* app360.plist */; };
/* End PBXBuildFile section */

/* Begin PBXCopyFilesBuildPhase section */
		3ED392091AD519CE00AD3B7F /* Embed Frameworks */ = {
			isa = PBXCopyFilesBuildPhase;
			buildActionMask = 2147483647;
			dstPath = "";
			dstSubfolderSpec = 10;
			files = (
				3E83B80E1AD678B300A9CA89 /* MWNetworking.framework in Embed Frameworks */,
				3E83B80C1AD678B300A9CA89 /* App360IDSDK.framework in Embed Frameworks */,
			);
			name = "Embed Frameworks";
			runOnlyForDeploymentPostprocessing = 0;
		};
/* End PBXCopyFilesBuildPhase section */

/* Begin PBXFileReference section */
		3E83B8071AD678AC00A9CA89 /* App360IDSDK.framework */ = {isa = PBXFileReference; lastKnownFileType = wrapper.framework; path = App360IDSDK.framework; sourceTree = "<group>"; };
		3E83B8081AD678AC00A9CA89 /* MWNetworking.framework */ = {isa = PBXFileReference; lastKnownFileType = wrapper.framework; path = MWNetworking.framework; sourceTree = "<group>"; };
		3ED391D71AD50A9C00AD3B7F /* App360IDSDKDemo.app */ = {isa = PBXFileReference; explicitFileType = wrapper.application; includeInIndex = 0; path = App360IDSDKDemo.app; sourceTree = BUILT_PRODUCTS_DIR; };
		3ED391DB1AD50A9D00AD3B7F /* Info.plist */ = {isa = PBXFileReference; lastKnownFileType = text.plist.xml; path = Info.plist; sourceTree = "<group>"; };
		3ED391DC1AD50A9D00AD3B7F /* main.m */ = {isa = PBXFileReference; lastKnownFileType = sourcecode.c.objc; path = main.m; sourceTree = "<group>"; };
		3ED391DE1AD50A9D00AD3B7F /* AppDelegate.h */ = {isa = PBXFileReference; lastKnownFileType = sourcecode.c.h; path = AppDelegate.h; sourceTree = "<group>"; };
		3ED391DF1AD50A9D00AD3B7F /* AppDelegate.m */ = {isa = PBXFileReference; lastKnownFileType = sourcecode.c.objc; path = AppDelegate.m; sourceTree = "<group>"; };
		3ED391E11AD50A9D00AD3B7F /* ViewController.h */ = {isa = PBXFileReference; lastKnownFileType = sourcecode.c.h; path = ViewController.h; sourceTree = "<group>"; };
		3ED391E21AD50A9D00AD3B7F /* ViewController.m */ = {isa = PBXFileReference; lastKnownFileType = sourcecode.c.objc; path = ViewController.m; sourceTree = "<group>"; };
		3ED391E51AD50A9D00AD3B7F /* Base */ = {isa = PBXFileReference; lastKnownFileType = file.storyboard; name = Base; path = Base.lproj/Main.storyboard; sourceTree = "<group>"; };
		3ED391E71AD50A9D00AD3B7F /* Images.xcassets */ = {isa = PBXFileReference; lastKnownFileType = folder.assetcatalog; path = Images.xcassets; sourceTree = "<group>"; };
		3ED391EA1AD50A9D00AD3B7F /* Base */ = {isa = PBXFileReference; lastKnownFileType = file.xib; name = Base; path = Base.lproj/LaunchScreen.xib; sourceTree = "<group>"; };
		3ED392101AD5280100AD3B7F /* app360.plist */ = {isa = PBXFileReference; fileEncoding = 4; lastKnownFileType = text.plist.xml; path = app360.plist; sourceTree = "<group>"; };
/* End PBXFileReference section */

/* Begin PBXFrameworksBuildPhase section */
		3ED391D41AD50A9C00AD3B7F /* Frameworks */ = {
			isa = PBXFrameworksBuildPhase;
			buildActionMask = 2147483647;
			files = (
				3E83B8091AD678AC00A9CA89 /* App360IDSDK.framework in Frameworks */,
				3E83B80D1AD678B300A9CA89 /* MWNetworking.framework in Frameworks */,
			);
			runOnlyForDeploymentPostprocessing = 0;
		};
/* End PBXFrameworksBuildPhase section */

/* Begin PBXGroup section */
		3E83B8061AD678AC00A9CA89 /* Frameworks */ = {
			isa = PBXGroup;
			children = (
				3E83B8071AD678AC00A9CA89 /* App360IDSDK.framework */,
				3E83B8081AD678AC00A9CA89 /* MWNetworking.framework */,
			);
			path = Frameworks;
			sourceTree = "<group>";
		};
		3ED391CE1AD50A9C00AD3B7F = {
			isa = PBXGroup;
			children = (
				3E83B8061AD678AC00A9CA89 /* Frameworks */,
				3ED391D91AD50A9C00AD3B7F /* App360IDSDKDemo */,
				3ED391D81AD50A9C00AD3B7F /* Products */,
			);
			sourceTree = "<group>";
		};
		3ED391D81AD50A9C00AD3B7F /* Products */ = {
			isa = PBXGroup;
			children = (
				3ED391D71AD50A9C00AD3B7F /* App360IDSDKDemo.app */,
			);
			name = Products;
			sourceTree = "<group>";
		};
		3ED391D91AD50A9C00AD3B7F /* App360IDSDKDemo */ = {
			isa = PBXGroup;
			children = (
				3ED391DE1AD50A9D00AD3B7F /* AppDelegate.h */,
				3ED391DF1AD50A9D00AD3B7F /* AppDelegate.m */,
				3ED391E11AD50A9D00AD3B7F /* ViewController.h */,
				3ED391E21AD50A9D00AD3B7F /* ViewController.m */,
				3ED391E41AD50A9D00AD3B7F /* Main.storyboard */,
				3ED391E71AD50A9D00AD3B7F /* Images.xcassets */,
				3ED391E91AD50A9D00AD3B7F /* LaunchScreen.xib */,
				3ED391DA1AD50A9D00AD3B7F /* Supporting Files */,
			);
			path = App360IDSDKDemo;
			sourceTree = "<group>";
		};
		3ED391DA1AD50A9D00AD3B7F /* Supporting Files */ = {
			isa = PBXGroup;
			children = (
				3ED391DB1AD50A9D00AD3B7F /* Info.plist */,
				3ED391DC1AD50A9D00AD3B7F /* main.m */,
				3ED392101AD5280100AD3B7F /* app360.plist */,
			);
			name = "Supporting Files";
			sourceTree = "<group>";
		};
/* End PBXGroup section */

/* Begin PBXNativeTarget section */
		3ED391D61AD50A9C00AD3B7F /* App360IDSDKDemo */ = {
			isa = PBXNativeTarget;
			buildConfigurationList = 3ED391FA1AD50A9D00AD3B7F /* Build configuration list for PBXNativeTarget "App360IDSDKDemo" */;
			buildPhases = (
				3ED391D31AD50A9C00AD3B7F /* Sources */,
				3ED391D41AD50A9C00AD3B7F /* Frameworks */,
				3ED391D51AD50A9C00AD3B7F /* Resources */,
				3ED392091AD519CE00AD3B7F /* Embed Frameworks */,
			);
			buildRules = (
			);
			dependencies = (
			);
			name = App360IDSDKDemo;
			productName = App360IDSDKDemo;
			productReference = 3ED391D71AD50A9C00AD3B7F /* App360IDSDKDemo.app */;
			productType = "com.apple.product-type.application";
		};
/* End PBXNativeTarget section */

/* Begin PBXProject section */
		3ED391CF1AD50A9C00AD3B7F /* Project object */ = {
			isa = PBXProject;
			attributes = {
				LastUpgradeCheck = 0620;
				ORGANIZATIONNAME = Mwork;
				TargetAttributes = {
					3ED391D61AD50A9C00AD3B7F = {
						CreatedOnToolsVersion = 6.2;
					};
				};
			};
			buildConfigurationList = 3ED391D21AD50A9C00AD3B7F /* Build configuration list for PBXProject "App360IDSDKDemo" */;
			compatibilityVersion = "Xcode 3.2";
			developmentRegion = English;
			hasScannedForEncodings = 0;
			knownRegions = (
				en,
				Base,
			);
			mainGroup = 3ED391CE1AD50A9C00AD3B7F;
			productRefGroup = 3ED391D81AD50A9C00AD3B7F /* Products */;
			projectDirPath = "";
			projectRoot = "";
			targets = (
				3ED391D61AD50A9C00AD3B7F /* App360IDSDKDemo */,
			);
		};
/* End PBXProject section */

/* Begin PBXResourcesBuildPhase section */
		3ED391D51AD50A9C00AD3B7F /* Resources */ = {
			isa = PBXResourcesBuildPhase;
			buildActionMask = 2147483647;
			files = (
				3ED392111AD5280100AD3B7F /* app360.plist in Resources */,
				3ED391E61AD50A9D00AD3B7F /* Main.storyboard in Resources */,
				3ED391EB1AD50A9D00AD3B7F /* LaunchScreen.xib in Resources */,
				3ED391E81AD50A9D00AD3B7F /* Images.xcassets in Resources */,
			);
			runOnlyForDeploymentPostprocessing = 0;
		};
/* End PBXResourcesBuildPhase section */

/* Begin PBXSourcesBuildPhase section */
		3ED391D31AD50A9C00AD3B7F /* Sources */ = {
			isa = PBXSourcesBuildPhase;
			buildActionMask = 2147483647;
			files = (
				3ED391E31AD50A9D00AD3B7F /* ViewController.m in Sources */,
				3ED391E01AD50A9D00AD3B7F /* AppDelegate.m in Sources */,
				3ED391DD1AD50A9D00AD3B7F /* main.m in Sources */,
			);
			runOnlyForDeploymentPostprocessing = 0;
		};
/* End PBXSourcesBuildPhase section */

/* Begin PBXVariantGroup section */
		3ED391E41AD50A9D00AD3B7F /* Main.storyboard */ = {
			isa = PBXVariantGroup;
			children = (
				3ED391E51AD50A9D00AD3B7F /* Base */,
			);
			name = Main.storyboard;
			sourceTree = "<group>";
		};
		3ED391E91AD50A9D00AD3B7F /* LaunchScreen.xib */ = {
			isa = PBXVariantGroup;
			children = (
				3ED391EA1AD50A9D00AD3B7F /* Base */,
			);
			name = LaunchScreen.xib;
			sourceTree = "<group>";
		};
/* End PBXVariantGroup section */

/* Begin XCBuildConfiguration section */
		3ED391F81AD50A9D00AD3B7F /* Debug */ = {
			isa = XCBuildConfiguration;
			buildSettings = {
				ALWAYS_SEARCH_USER_PATHS = NO;
				CLANG_CXX_LANGUAGE_STANDARD = "gnu++0x";
				CLANG_CXX_LIBRARY = "libc++";
				CLANG_ENABLE_MODULES = YES;
				CLANG_ENABLE_OBJC_ARC = YES;
				CLANG_WARN_BOOL_CONVERSION = YES;
				CLANG_WARN_CONSTANT_CONVERSION = YES;
				CLANG_WARN_DIRECT_OBJC_ISA_USAGE = YES_ERROR;
				CLANG_WARN_EMPTY_BODY = YES;
				CLANG_WARN_ENUM_CONVERSION = YES;
				CLANG_WARN_INT_CONVERSION = YES;
				CLANG_WARN_OBJC_ROOT_CLASS = YES_ERROR;
				CLANG_WARN_UNREACHABLE_CODE = YES;
				CLANG_WARN__DUPLICATE_METHOD_MATCH = YES;
				"CODE_SIGN_IDENTITY[sdk=iphoneos*]" = "iPhone Developer";
				COPY_PHASE_STRIP = NO;
				ENABLE_STRICT_OBJC_MSGSEND = YES;
				GCC_C_LANGUAGE_STANDARD = gnu99;
				GCC_DYNAMIC_NO_PIC = NO;
				GCC_OPTIMIZATION_LEVEL = 0;
				GCC_PREPROCESSOR_DEFINITIONS = (
					"DEBUG=1",
					"$(inherited)",
				);
				GCC_SYMBOLS_PRIVATE_EXTERN = NO;
				GCC_WARN_64_TO_32_BIT_CONVERSION = YES;
				GCC_WARN_ABOUT_RETURN_TYPE = YES_ERROR;
				GCC_WARN_UNDECLARED_SELECTOR = YES;
				GCC_WARN_UNINITIALIZED_AUTOS = YES_AGGRESSIVE;
				GCC_WARN_UNUSED_FUNCTION = YES;
				GCC_WARN_UNUSED_VARIABLE = YES;
				IPHONEOS_DEPLOYMENT_TARGET = 6.0;
				MTL_ENABLE_DEBUG_INFO = YES;
				ONLY_ACTIVE_ARCH = YES;
				SDKROOT = iphoneos;
				TARGETED_DEVICE_FAMILY = "1,2";
			};
			name = Debug;
		};
		3ED391F91AD50A9D00AD3B7F /* Release */ = {
			isa = XCBuildConfiguration;
			buildSettings = {
				ALWAYS_SEARCH_USER_PATHS = NO;
				CLANG_CXX_LANGUAGE_STANDARD = "gnu++0x";
				CLANG_CXX_LIBRARY = "libc++";
				CLANG_ENABLE_MODULES = YES;
				CLANG_ENABLE_OBJC_ARC = YES;
				CLANG_WARN_BOOL_CONVERSION = YES;
				CLANG_WARN_CONSTANT_CONVERSION = YES;
				CLANG_WARN_DIRECT_OBJC_ISA_USAGE = YES_ERROR;
				CLANG_WARN_EMPTY_BODY = YES;
				CLANG_WARN_ENUM_CONVERSION = YES;
				CLANG_WARN_INT_CONVERSION = YES;
				CLANG_WARN_OBJC_ROOT_CLASS = YES_ERROR;
				CLANG_WARN_UNREACHABLE_CODE = YES;
				CLANG_WARN__DUPLICATE_METHOD_MATCH = YES;
				"CODE_SIGN_IDENTITY[sdk=iphoneos*]" = "iPhone Developer";
				COPY_PHASE_STRIP = NO;
				ENABLE_NS_ASSERTIONS = NO;
				ENABLE_STRICT_OBJC_MSGSEND = YES;
				GCC_C_LANGUAGE_STANDARD = gnu99;
				GCC_WARN_64_TO_32_BIT_CONVERSION = YES;
				GCC_WARN_ABOUT_RETURN_TYPE = YES_ERROR;
				GCC_WARN_UNDECLARED_SELECTOR = YES;
				GCC_WARN_UNINITIALIZED_AUTOS = YES_AGGRESSIVE;
				GCC_WARN_UNUSED_FUNCTION = YES;
				GCC_WARN_UNUSED_VARIABLE = YES;
				IPHONEOS_DEPLOYMENT_TARGET = 6.0;
				MTL_ENABLE_DEBUG_INFO = NO;
				SDKROOT = iphoneos;
				TARGETED_DEVICE_FAMILY = "1,2";
				VALIDATE_PRODUCT = YES;
			};
			name = Release;
		};
		3ED391FB1AD50A9D00AD3B7F /* Debug */ = {
			isa = XCBuildConfiguration;
			buildSettings = {
				ASSETCATALOG_COMPILER_APPICON_NAME = AppIcon;
				ASSETCATALOG_COMPILER_LAUNCHIMAGE_NAME = LaunchImage;
				FRAMEWORK_SEARCH_PATHS = (
					"$(inherited)",
					"$(PROJECT_DIR)/Frameworks",
				);
				INFOPLIST_FILE = App360IDSDKDemo/Info.plist;
				LD_RUNPATH_SEARCH_PATHS = "$(inherited) @executable_path/Frameworks";
				OTHER_LDFLAGS = "";
				PRODUCT_NAME = "$(TARGET_NAME)";
			};
			name = Debug;
		};
		3ED391FC1AD50A9D00AD3B7F /* Release */ = {
			isa = XCBuildConfiguration;
			buildSettings = {
				ASSETCATALOG_COMPILER_APPICON_NAME = AppIcon;
				ASSETCATALOG_COMPILER_LAUNCHIMAGE_NAME = LaunchImage;
				FRAMEWORK_SEARCH_PATHS = (
					"$(inherited)",
					"$(PROJECT_DIR)/Frameworks",
				);
				INFOPLIST_FILE = App360IDSDKDemo/Info.plist;
				LD_RUNPATH_SEARCH_PATHS = "$(inherited) @executable_path/Frameworks";
				OTHER_LDFLAGS = "";
				PRODUCT_NAME = "$(TARGET_NAME)";
			};
			name = Release;
		};
/* End XCBuildConfiguration section */

/* Begin XCConfigurationList section */
		3ED391D21AD50A9C00AD3B7F /* Build configuration list for PBXProject "App360IDSDKDemo" */ = {
			isa = XCConfigurationList;
			buildConfigurations = (
				3ED391F81AD50A9D00AD3B7F /* Debug */,
				3ED391F91AD50A9D00AD3B7F /* Release */,
			);
			defaultConfigurationIsVisible = 0;
			defaultConfigurationName = Release;
		};
		3ED391FA1AD50A9D00AD3B7F /* Build configuration list for PBXNativeTarget "App360IDSDKDemo" */ = {
			isa = XCConfigurationList;
			buildConfigurations = (
				3ED391FB1AD50A9D00AD3B7F /* Debug */,
				3ED391FC1AD50A9D00AD3B7F /* Release */,
			);
			defaultConfigurationIsVisible = 0;
			defaultConfigurationName = Release;
		};
/* End XCConfigurationList section */
	};
	rootObject = 3ED391CF1AD50A9C00AD3B7F /* Project object */;
}
